// !$*UTF8*$!
{
	archiveVersion = 1;
	classes = {
	};
	objectVersion = 51;
	objects = {

/* Begin PBXBuildFile section */
		170FBCE6231745BE00B84807 /* GoogleService-Info.plist in Resources */ = {isa = PBXBuildFile; fileRef = 170FBCE5231745BE00B84807 /* GoogleService-Info.plist */; };
		172F97EA2315D10C0052EA83 /* SuccessMessage.swift in Sources */ = {isa = PBXBuildFile; fileRef = 172F97E92315D10C0052EA83 /* SuccessMessage.swift */; };
		1770624A230EEEEB006AF260 /* OverviewViewController.swift in Sources */ = {isa = PBXBuildFile; fileRef = 17706249230EEEEB006AF260 /* OverviewViewController.swift */; };
		1770624C230F0AE9006AF260 /* CarTempView.swift in Sources */ = {isa = PBXBuildFile; fileRef = 1770624B230F0AE9006AF260 /* CarTempView.swift */; };
		1781C4792314ADC200444B84 /* ContactMechanic.swift in Sources */ = {isa = PBXBuildFile; fileRef = 1781C4782314ADC200444B84 /* ContactMechanic.swift */; };
		17CAC7E022EB745D00B5DDF0 /* AppDelegate.swift in Sources */ = {isa = PBXBuildFile; fileRef = 17CAC7DF22EB745D00B5DDF0 /* AppDelegate.swift */; };
		17CAC7E222EB745D00B5DDF0 /* HomeViewController.swift in Sources */ = {isa = PBXBuildFile; fileRef = 17CAC7E122EB745D00B5DDF0 /* HomeViewController.swift */; };
		17CAC7E522EB745D00B5DDF0 /* Main.storyboard in Resources */ = {isa = PBXBuildFile; fileRef = 17CAC7E322EB745D00B5DDF0 /* Main.storyboard */; };
		17CAC7E722EB745F00B5DDF0 /* Assets.xcassets in Resources */ = {isa = PBXBuildFile; fileRef = 17CAC7E622EB745F00B5DDF0 /* Assets.xcassets */; };
		17CAC7EA22EB745F00B5DDF0 /* LaunchScreen.storyboard in Resources */ = {isa = PBXBuildFile; fileRef = 17CAC7E822EB745F00B5DDF0 /* LaunchScreen.storyboard */; };
		725DE88A1C3BB208B964D12D /* Pods_My_Second_App.framework in Frameworks */ = {isa = PBXBuildFile; fileRef = 419802B1301FE41A81462D45 /* Pods_My_Second_App.framework */; };
/* End PBXBuildFile section */

/* Begin PBXFileReference section */
		170FBCE5231745BE00B84807 /* GoogleService-Info.plist */ = {isa = PBXFileReference; fileEncoding = 4; lastKnownFileType = text.plist.xml; path = "GoogleService-Info.plist"; sourceTree = SOURCE_ROOT; };
		172F97E92315D10C0052EA83 /* SuccessMessage.swift */ = {isa = PBXFileReference; lastKnownFileType = sourcecode.swift; path = SuccessMessage.swift; sourceTree = "<group>"; };
		17706249230EEEEB006AF260 /* OverviewViewController.swift */ = {isa = PBXFileReference; lastKnownFileType = sourcecode.swift; path = OverviewViewController.swift; sourceTree = "<group>"; };
		1770624B230F0AE9006AF260 /* CarTempView.swift */ = {isa = PBXFileReference; lastKnownFileType = sourcecode.swift; path = CarTempView.swift; sourceTree = "<group>"; };
		1781C4782314ADC200444B84 /* ContactMechanic.swift */ = {isa = PBXFileReference; lastKnownFileType = sourcecode.swift; path = ContactMechanic.swift; sourceTree = "<group>"; };
		17CAC7DC22EB745D00B5DDF0 /* My Second App.app */ = {isa = PBXFileReference; explicitFileType = wrapper.application; includeInIndex = 0; path = "My Second App.app"; sourceTree = BUILT_PRODUCTS_DIR; };
		17CAC7DF22EB745D00B5DDF0 /* AppDelegate.swift */ = {isa = PBXFileReference; lastKnownFileType = sourcecode.swift; path = AppDelegate.swift; sourceTree = "<group>"; };
		17CAC7E122EB745D00B5DDF0 /* HomeViewController.swift */ = {isa = PBXFileReference; lastKnownFileType = sourcecode.swift; path = HomeViewController.swift; sourceTree = "<group>"; };
		17CAC7E422EB745D00B5DDF0 /* Base */ = {isa = PBXFileReference; lastKnownFileType = file.storyboard; name = Base; path = Base.lproj/Main.storyboard; sourceTree = "<group>"; };
		17CAC7E622EB745F00B5DDF0 /* Assets.xcassets */ = {isa = PBXFileReference; lastKnownFileType = folder.assetcatalog; path = Assets.xcassets; sourceTree = "<group>"; };
		17CAC7E922EB745F00B5DDF0 /* Base */ = {isa = PBXFileReference; lastKnownFileType = file.storyboard; name = Base; path = Base.lproj/LaunchScreen.storyboard; sourceTree = "<group>"; };
		17CAC7EB22EB745F00B5DDF0 /* Info.plist */ = {isa = PBXFileReference; lastKnownFileType = text.plist.xml; path = Info.plist; sourceTree = "<group>"; };
		419802B1301FE41A81462D45 /* Pods_My_Second_App.framework */ = {isa = PBXFileReference; explicitFileType = wrapper.framework; includeInIndex = 0; path = Pods_My_Second_App.framework; sourceTree = BUILT_PRODUCTS_DIR; };
		4A4726FA2AE3777A48EBA635 /* Pods-My Second App.debug.xcconfig */ = {isa = PBXFileReference; includeInIndex = 1; lastKnownFileType = text.xcconfig; name = "Pods-My Second App.debug.xcconfig"; path = "Target Support Files/Pods-My Second App/Pods-My Second App.debug.xcconfig"; sourceTree = "<group>"; };
		4D223E55B3C33CBDAF022197 /* Pods-My Second App.release.xcconfig */ = {isa = PBXFileReference; includeInIndex = 1; lastKnownFileType = text.xcconfig; name = "Pods-My Second App.release.xcconfig"; path = "Target Support Files/Pods-My Second App/Pods-My Second App.release.xcconfig"; sourceTree = "<group>"; };
/* End PBXFileReference section */

/* Begin PBXFrameworksBuildPhase section */
		17CAC7D922EB745D00B5DDF0 /* Frameworks */ = {
			isa = PBXFrameworksBuildPhase;
			buildActionMask = 2147483647;
			files = (
				725DE88A1C3BB208B964D12D /* Pods_My_Second_App.framework in Frameworks */,
			);
			runOnlyForDeploymentPostprocessing = 0;
		};
/* End PBXFrameworksBuildPhase section */

/* Begin PBXGroup section */
		08FD2AB888A56A8E4F0BEA84 /* Frameworks */ = {
			isa = PBXGroup;
			children = (
				419802B1301FE41A81462D45 /* Pods_My_Second_App.framework */,
			);
			name = Frameworks;
			sourceTree = "<group>";
		};
		17CAC7D322EB745D00B5DDF0 = {
			isa = PBXGroup;
			children = (
				17CAC7DE22EB745D00B5DDF0 /* My Second App */,
				17CAC7DD22EB745D00B5DDF0 /* Products */,
				B9A71F164E1D7F08923A333A /* Pods */,
				08FD2AB888A56A8E4F0BEA84 /* Frameworks */,
			);
			sourceTree = "<group>";
		};
		17CAC7DD22EB745D00B5DDF0 /* Products */ = {
			isa = PBXGroup;
			children = (
				17CAC7DC22EB745D00B5DDF0 /* My Second App.app */,
			);
			name = Products;
			sourceTree = "<group>";
		};
		17CAC7DE22EB745D00B5DDF0 /* My Second App */ = {
			isa = PBXGroup;
			children = (
				17CAC7DF22EB745D00B5DDF0 /* AppDelegate.swift */,
				17CAC7E122EB745D00B5DDF0 /* HomeViewController.swift */,
				17706249230EEEEB006AF260 /* OverviewViewController.swift */,
				1770624B230F0AE9006AF260 /* CarTempView.swift */,
				1781C4782314ADC200444B84 /* ContactMechanic.swift */,
				172F97E92315D10C0052EA83 /* SuccessMessage.swift */,
				17CAC7E322EB745D00B5DDF0 /* Main.storyboard */,
				17CAC7E622EB745F00B5DDF0 /* Assets.xcassets */,
				17CAC7E822EB745F00B5DDF0 /* LaunchScreen.storyboard */,
				17CAC7EB22EB745F00B5DDF0 /* Info.plist */,
				170FBCE5231745BE00B84807 /* GoogleService-Info.plist */,
			);
			path = "My Second App";
			sourceTree = "<group>";
		};
		B9A71F164E1D7F08923A333A /* Pods */ = {
			isa = PBXGroup;
			children = (
				4A4726FA2AE3777A48EBA635 /* Pods-My Second App.debug.xcconfig */,
				4D223E55B3C33CBDAF022197 /* Pods-My Second App.release.xcconfig */,
			);
			path = Pods;
			sourceTree = "<group>";
		};
/* End PBXGroup section */

/* Begin PBXNativeTarget section */
		17CAC7DB22EB745D00B5DDF0 /* My Second App */ = {
			isa = PBXNativeTarget;
			buildConfigurationList = 17CAC7EE22EB745F00B5DDF0 /* Build configuration list for PBXNativeTarget "My Second App" */;
			buildPhases = (
				754C64C0A0B0E93905C773AC /* [CP] Check Pods Manifest.lock */,
				17CAC7D822EB745D00B5DDF0 /* Sources */,
				17CAC7D922EB745D00B5DDF0 /* Frameworks */,
				17CAC7DA22EB745D00B5DDF0 /* Resources */,
				7798D18DB68441C58A56B0BF /* [CP] Embed Pods Frameworks */,
				7FE03F704AA67111D22D16C6 /* [CP] Copy Pods Resources */,
			);
			buildRules = (
			);
			dependencies = (
			);
			name = "My Second App";
			productName = "My Second App";
			productReference = 17CAC7DC22EB745D00B5DDF0 /* My Second App.app */;
			productType = "com.apple.product-type.application";
		};
/* End PBXNativeTarget section */

/* Begin PBXProject section */
		17CAC7D422EB745D00B5DDF0 /* Project object */ = {
			isa = PBXProject;
			attributes = {
				LastSwiftUpdateCheck = 1020;
				LastUpgradeCheck = 1020;
				ORGANIZATIONNAME = "Denis Tatar";
				TargetAttributes = {
					17CAC7DB22EB745D00B5DDF0 = {
						CreatedOnToolsVersion = 10.2.1;
					};
				};
			};
			buildConfigurationList = 17CAC7D722EB745D00B5DDF0 /* Build configuration list for PBXProject "My Second App" */;
			compatibilityVersion = "Xcode 9.3";
			developmentRegion = en;
			hasScannedForEncodings = 0;
			knownRegions = (
				en,
				Base,
			);
			mainGroup = 17CAC7D322EB745D00B5DDF0;
			productRefGroup = 17CAC7DD22EB745D00B5DDF0 /* Products */;
			projectDirPath = "";
			projectRoot = "";
			targets = (
				17CAC7DB22EB745D00B5DDF0 /* My Second App */,
			);
		};
/* End PBXProject section */

/* Begin PBXResourcesBuildPhase section */
		17CAC7DA22EB745D00B5DDF0 /* Resources */ = {
			isa = PBXResourcesBuildPhase;
			buildActionMask = 2147483647;
			files = (
				17CAC7EA22EB745F00B5DDF0 /* LaunchScreen.storyboard in Resources */,
				170FBCE6231745BE00B84807 /* GoogleService-Info.plist in Resources */,
				17CAC7E722EB745F00B5DDF0 /* Assets.xcassets in Resources */,
				17CAC7E522EB745D00B5DDF0 /* Main.storyboard in Resources */,
			);
			runOnlyForDeploymentPostprocessing = 0;
		};
/* End PBXResourcesBuildPhase section */

/* Begin PBXShellScriptBuildPhase section */
		754C64C0A0B0E93905C773AC /* [CP] Check Pods Manifest.lock */ = {
			isa = PBXShellScriptBuildPhase;
			buildActionMask = 2147483647;
			files = (
			);
			inputFileListPaths = (
			);
			inputPaths = (
				"${PODS_PODFILE_DIR_PATH}/Podfile.lock",
				"${PODS_ROOT}/Manifest.lock",
			);
			name = "[CP] Check Pods Manifest.lock";
			outputFileListPaths = (
			);
			outputPaths = (
				"$(DERIVED_FILE_DIR)/Pods-My Second App-checkManifestLockResult.txt",
			);
			runOnlyForDeploymentPostprocessing = 0;
			shellPath = /bin/sh;
			shellScript = "diff \"${PODS_PODFILE_DIR_PATH}/Podfile.lock\" \"${PODS_ROOT}/Manifest.lock\" > /dev/null\nif [ $? != 0 ] ; then\n    # print error to STDERR\n    echo \"error: The sandbox is not in sync with the Podfile.lock. Run 'pod install' or update your CocoaPods installation.\" >&2\n    exit 1\nfi\n# This output is used by Xcode 'outputs' to avoid re-running this script phase.\necho \"SUCCESS\" > \"${SCRIPT_OUTPUT_FILE_0}\"\n";
			showEnvVarsInLog = 0;
		};
		7798D18DB68441C58A56B0BF /* [CP] Embed Pods Frameworks */ = {
			isa = PBXShellScriptBuildPhase;
			buildActionMask = 2147483647;
			files = (
			);
			inputFileListPaths = (
				"${PODS_ROOT}/Target Support Files/Pods-My Second App/Pods-My Second App-frameworks-${CONFIGURATION}-input-files.xcfilelist",
			);
			name = "[CP] Embed Pods Frameworks";
			outputFileListPaths = (
				"${PODS_ROOT}/Target Support Files/Pods-My Second App/Pods-My Second App-frameworks-${CONFIGURATION}-output-files.xcfilelist",
			);
			runOnlyForDeploymentPostprocessing = 0;
			shellPath = /bin/sh;
			shellScript = "\"${PODS_ROOT}/Target Support Files/Pods-My Second App/Pods-My Second App-frameworks.sh\"\n";
			showEnvVarsInLog = 0;
		};
		7FE03F704AA67111D22D16C6 /* [CP] Copy Pods Resources */ = {
			isa = PBXShellScriptBuildPhase;
			buildActionMask = 2147483647;
			files = (
			);
			inputFileListPaths = (
				"${PODS_ROOT}/Target Support Files/Pods-My Second App/Pods-My Second App-resources-${CONFIGURATION}-input-files.xcfilelist",
			);
			name = "[CP] Copy Pods Resources";
			outputFileListPaths = (
				"${PODS_ROOT}/Target Support Files/Pods-My Second App/Pods-My Second App-resources-${CONFIGURATION}-output-files.xcfilelist",
			);
			runOnlyForDeploymentPostprocessing = 0;
			shellPath = /bin/sh;
			shellScript = "\"${PODS_ROOT}/Target Support Files/Pods-My Second App/Pods-My Second App-resources.sh\"\n";
			showEnvVarsInLog = 0;
		};
/* End PBXShellScriptBuildPhase section */

/* Begin PBXSourcesBuildPhase section */
		17CAC7D822EB745D00B5DDF0 /* Sources */ = {
			isa = PBXSourcesBuildPhase;
			buildActionMask = 2147483647;
			files = (
				17CAC7E222EB745D00B5DDF0 /* HomeViewController.swift in Sources */,
				17CAC7E022EB745D00B5DDF0 /* AppDelegate.swift in Sources */,
				1781C4792314ADC200444B84 /* ContactMechanic.swift in Sources */,
				1770624A230EEEEB006AF260 /* OverviewViewController.swift in Sources */,
				1770624C230F0AE9006AF260 /* CarTempView.swift in Sources */,
				172F97EA2315D10C0052EA83 /* SuccessMessage.swift in Sources */,
			);
			runOnlyForDeploymentPostprocessing = 0;
		};
/* End PBXSourcesBuildPhase section */

/* Begin PBXVariantGroup section */
		17CAC7E322EB745D00B5DDF0 /* Main.storyboard */ = {
			isa = PBXVariantGroup;
			children = (
				17CAC7E422EB745D00B5DDF0 /* Base */,
			);
			name = Main.storyboard;
			sourceTree = "<group>";
		};
		17CAC7E822EB745F00B5DDF0 /* LaunchScreen.storyboard */ = {
			isa = PBXVariantGroup;
			children = (
				17CAC7E922EB745F00B5DDF0 /* Base */,
			);
			name = LaunchScreen.storyboard;
			sourceTree = "<group>";
		};
/* End PBXVariantGroup section */

/* Begin XCBuildConfiguration section */
		17CAC7EC22EB745F00B5DDF0 /* Debug */ = {
			isa = XCBuildConfiguration;
			buildSettings = {
				ALWAYS_SEARCH_USER_PATHS = NO;
				CLANG_ANALYZER_NONNULL = YES;
				CLANG_ANALYZER_NUMBER_OBJECT_CONVERSION = YES_AGGRESSIVE;
				CLANG_CXX_LANGUAGE_STANDARD = "gnu++14";
				CLANG_CXX_LIBRARY = "libc++";
				CLANG_ENABLE_MODULES = YES;
				CLANG_ENABLE_OBJC_ARC = YES;
				CLANG_ENABLE_OBJC_WEAK = YES;
				CLANG_WARN_BLOCK_CAPTURE_AUTORELEASING = YES;
				CLANG_WARN_BOOL_CONVERSION = YES;
				CLANG_WARN_COMMA = YES;
				CLANG_WARN_CONSTANT_CONVERSION = YES;
				CLANG_WARN_DEPRECATED_OBJC_IMPLEMENTATIONS = YES;
				CLANG_WARN_DIRECT_OBJC_ISA_USAGE = YES_ERROR;
				CLANG_WARN_DOCUMENTATION_COMMENTS = YES;
				CLANG_WARN_EMPTY_BODY = YES;
				CLANG_WARN_ENUM_CONVERSION = YES;
				CLANG_WARN_INFINITE_RECURSION = YES;
				CLANG_WARN_INT_CONVERSION = YES;
				CLANG_WARN_NON_LITERAL_NULL_CONVERSION = YES;
				CLANG_WARN_OBJC_IMPLICIT_RETAIN_SELF = YES;
				CLANG_WARN_OBJC_LITERAL_CONVERSION = YES;
				CLANG_WARN_OBJC_ROOT_CLASS = YES_ERROR;
				CLANG_WARN_RANGE_LOOP_ANALYSIS = YES;
				CLANG_WARN_STRICT_PROTOTYPES = YES;
				CLANG_WARN_SUSPICIOUS_MOVE = YES;
				CLANG_WARN_UNGUARDED_AVAILABILITY = YES_AGGRESSIVE;
				CLANG_WARN_UNREACHABLE_CODE = YES;
				CLANG_WARN__DUPLICATE_METHOD_MATCH = YES;
				CODE_SIGN_IDENTITY = "iPhone Developer";
				COPY_PHASE_STRIP = NO;
				DEBUG_INFORMATION_FORMAT = dwarf;
				ENABLE_STRICT_OBJC_MSGSEND = YES;
				ENABLE_TESTABILITY = YES;
				GCC_C_LANGUAGE_STANDARD = gnu11;
				GCC_DYNAMIC_NO_PIC = NO;
				GCC_NO_COMMON_BLOCKS = YES;
				GCC_OPTIMIZATION_LEVEL = 0;
				GCC_PREPROCESSOR_DEFINITIONS = (
					"DEBUG=1",
					"$(inherited)",
				);
				GCC_WARN_64_TO_32_BIT_CONVERSION = YES;
				GCC_WARN_ABOUT_RETURN_TYPE = YES_ERROR;
				GCC_WARN_UNDECLARED_SELECTOR = YES;
				GCC_WARN_UNINITIALIZED_AUTOS = YES_AGGRESSIVE;
				GCC_WARN_UNUSED_FUNCTION = YES;
				GCC_WARN_UNUSED_VARIABLE = YES;
				IPHONEOS_DEPLOYMENT_TARGET = 12.2;
				MTL_ENABLE_DEBUG_INFO = INCLUDE_SOURCE;
				MTL_FAST_MATH = YES;
				ONLY_ACTIVE_ARCH = YES;
				SDKROOT = iphoneos;
				SWIFT_ACTIVE_COMPILATION_CONDITIONS = DEBUG;
				SWIFT_OPTIMIZATION_LEVEL = "-Onone";
			};
			name = Debug;
		};
		17CAC7ED22EB745F00B5DDF0 /* Release */ = {
			isa = XCBuildConfiguration;
			buildSettings = {
				ALWAYS_SEARCH_USER_PATHS = NO;
				CLANG_ANALYZER_NONNULL = YES;
				CLANG_ANALYZER_NUMBER_OBJECT_CONVERSION = YES_AGGRESSIVE;
				CLANG_CXX_LANGUAGE_STANDARD = "gnu++14";
				CLANG_CXX_LIBRARY = "libc++";
				CLANG_ENABLE_MODULES = YES;
				CLANG_ENABLE_OBJC_ARC = YES;
				CLANG_ENABLE_OBJC_WEAK = YES;
				CLANG_WARN_BLOCK_CAPTURE_AUTORELEASING = YES;
				CLANG_WARN_BOOL_CONVERSION = YES;
				CLANG_WARN_COMMA = YES;
				CLANG_WARN_CONSTANT_CONVERSION = YES;
				CLANG_WARN_DEPRECATED_OBJC_IMPLEMENTATIONS = YES;
				CLANG_WARN_DIRECT_OBJC_ISA_USAGE = YES_ERROR;
				CLANG_WARN_DOCUMENTATION_COMMENTS = YES;
				CLANG_WARN_EMPTY_BODY = YES;
				CLANG_WARN_ENUM_CONVERSION = YES;
				CLANG_WARN_INFINITE_RECURSION = YES;
				CLANG_WARN_INT_CONVERSION = YES;
				CLANG_WARN_NON_LITERAL_NULL_CONVERSION = YES;
				CLANG_WARN_OBJC_IMPLICIT_RETAIN_SELF = YES;
				CLANG_WARN_OBJC_LITERAL_CONVERSION = YES;
				CLANG_WARN_OBJC_ROOT_CLASS = YES_ERROR;
				CLANG_WARN_RANGE_LOOP_ANALYSIS = YES;
				CLANG_WARN_STRICT_PROTOTYPES = YES;
				CLANG_WARN_SUSPICIOUS_MOVE = YES;
				CLANG_WARN_UNGUARDED_AVAILABILITY = YES_AGGRESSIVE;
				CLANG_WARN_UNREACHABLE_CODE = YES;
				CLANG_WARN__DUPLICATE_METHOD_MATCH = YES;
				CODE_SIGN_IDENTITY = "iPhone Developer";
				COPY_PHASE_STRIP = NO;
				DEBUG_INFORMATION_FORMAT = "dwarf-with-dsym";
				ENABLE_NS_ASSERTIONS = NO;
				ENABLE_STRICT_OBJC_MSGSEND = YES;
				GCC_C_LANGUAGE_STANDARD = gnu11;
				GCC_NO_COMMON_BLOCKS = YES;
				GCC_WARN_64_TO_32_BIT_CONVERSION = YES;
				GCC_WARN_ABOUT_RETURN_TYPE = YES_ERROR;
				GCC_WARN_UNDECLARED_SELECTOR = YES;
				GCC_WARN_UNINITIALIZED_AUTOS = YES_AGGRESSIVE;
				GCC_WARN_UNUSED_FUNCTION = YES;
				GCC_WARN_UNUSED_VARIABLE = YES;
				IPHONEOS_DEPLOYMENT_TARGET = 12.2;
				MTL_ENABLE_DEBUG_INFO = NO;
				MTL_FAST_MATH = YES;
				SDKROOT = iphoneos;
				SWIFT_COMPILATION_MODE = wholemodule;
				SWIFT_OPTIMIZATION_LEVEL = "-O";
				VALIDATE_PRODUCT = YES;
			};
			name = Release;
		};
		17CAC7EF22EB745F00B5DDF0 /* Debug */ = {
			isa = XCBuildConfiguration;
			baseConfigurationReference = 4A4726FA2AE3777A48EBA635 /* Pods-My Second App.debug.xcconfig */;
			buildSettings = {
				ASSETCATALOG_COMPILER_APPICON_NAME = AppIcon;
				CODE_SIGN_STYLE = Automatic;
				INFOPLIST_FILE = "My Second App/Info.plist";
				LD_RUNPATH_SEARCH_PATHS = (
					"$(inherited)",
					"@executable_path/Frameworks",
				);
				PRODUCT_BUNDLE_IDENTIFIER = "com.denistatar.My-Second-App";
				PRODUCT_NAME = "$(TARGET_NAME)";
				SWIFT_VERSION = 5.0;
				TARGETED_DEVICE_FAMILY = "1,2";
			};
			name = Debug;
		};
		17CAC7F022EB745F00B5DDF0 /* Release */ = {
			isa = XCBuildConfiguration;
			baseConfigurationReference = 4D223E55B3C33CBDAF022197 /* Pods-My Second App.release.xcconfig */;
			buildSettings = {
				ASSETCATALOG_COMPILER_APPICON_NAME = AppIcon;
				CODE_SIGN_STYLE = Automatic;
				INFOPLIST_FILE = "My Second App/Info.plist";
				LD_RUNPATH_SEARCH_PATHS = (
					"$(inherited)",
					"@executable_path/Frameworks",
				);
				PRODUCT_BUNDLE_IDENTIFIER = "com.denistatar.My-Second-App";
				PRODUCT_NAME = "$(TARGET_NAME)";
				SWIFT_VERSION = 5.0;
				TARGETED_DEVICE_FAMILY = "1,2";
			};
			name = Release;
		};
/* End XCBuildConfiguration section */

/* Begin XCConfigurationList section */
		17CAC7D722EB745D00B5DDF0 /* Build configuration list for PBXProject "My Second App" */ = {
			isa = XCConfigurationList;
			buildConfigurations = (
				17CAC7EC22EB745F00B5DDF0 /* Debug */,
				17CAC7ED22EB745F00B5DDF0 /* Release */,
			);
			defaultConfigurationIsVisible = 0;
			defaultConfigurationName = Release;
		};
		17CAC7EE22EB745F00B5DDF0 /* Build configuration list for PBXNativeTarget "My Second App" */ = {
			isa = XCConfigurationList;
			buildConfigurations = (
				17CAC7EF22EB745F00B5DDF0 /* Debug */,
				17CAC7F022EB745F00B5DDF0 /* Release */,
			);
			defaultConfigurationIsVisible = 0;
			defaultConfigurationName = Release;
		};
/* End XCConfigurationList section */
	};
	rootObject = 17CAC7D422EB745D00B5DDF0 /* Project object */;
}
